// !$*UTF8*$!
{
	archiveVersion = 1;
	classes = {
	};
	objectVersion = 77;
	objects = {

/* Begin PBXContainerItemProxy section */
		5CE04E062E7F2EBE00C067A7 /* PBXContainerItemProxy */ = {
			isa = PBXContainerItemProxy;
			containerPortal = 5CE04DEF2E7F2EBD00C067A7 /* Project object */;
			proxyType = 1;
			remoteGlobalIDString = 5CE04DF62E7F2EBD00C067A7;
			remoteInfo = SteelhacksXIIProject;
		};
		5CE04E102E7F2EBE00C067A7 /* PBXContainerItemProxy */ = {
			isa = PBXContainerItemProxy;
			containerPortal = 5CE04DEF2E7F2EBD00C067A7 /* Project object */;
			proxyType = 1;
			remoteGlobalIDString = 5CE04DF62E7F2EBD00C067A7;
			remoteInfo = SteelhacksXIIProject;
		};
/* End PBXContainerItemProxy section */

/* Begin PBXFileReference section */
		5CE04DF72E7F2EBD00C067A7 /* SteelhacksXIIProject.app */ = {isa = PBXFileReference; explicitFileType = wrapper.application; includeInIndex = 0; path = SteelhacksXIIProject.app; sourceTree = BUILT_PRODUCTS_DIR; };
		5CE04E052E7F2EBE00C067A7 /* SteelhacksXIIProjectTests.xctest */ = {isa = PBXFileReference; explicitFileType = wrapper.cfbundle; includeInIndex = 0; path = SteelhacksXIIProjectTests.xctest; sourceTree = BUILT_PRODUCTS_DIR; };
		5CE04E0F2E7F2EBE00C067A7 /* SteelhacksXIIProjectUITests.xctest */ = {isa = PBXFileReference; explicitFileType = wrapper.cfbundle; includeInIndex = 0; path = SteelhacksXIIProjectUITests.xctest; sourceTree = BUILT_PRODUCTS_DIR; };
/* End PBXFileReference section */

/* Begin PBXFileSystemSynchronizedRootGroup section */
		5CE04DF92E7F2EBD00C067A7 /* SteelhacksXIIProject */ = {
			isa = PBXFileSystemSynchronizedRootGroup;
			path = SteelhacksXIIProject;
			sourceTree = "<group>";
		};
		5CE04E082E7F2EBE00C067A7 /* SteelhacksXIIProjectTests */ = {
			isa = PBXFileSystemSynchronizedRootGroup;
			path = SteelhacksXIIProjectTests;
			sourceTree = "<group>";
		};
		5CE04E122E7F2EBE00C067A7 /* SteelhacksXIIProjectUITests */ = {
			isa = PBXFileSystemSynchronizedRootGroup;
			path = SteelhacksXIIProjectUITests;
			sourceTree = "<group>";
		};
/* End PBXFileSystemSynchronizedRootGroup section */

/* Begin PBXFrameworksBuildPhase section */
		5CE04DF42E7F2EBD00C067A7 /* Frameworks */ = {
			isa = PBXFrameworksBuildPhase;
			buildActionMask = 2147483647;
			files = (
			);
			runOnlyForDeploymentPostprocessing = 0;
		};
		5CE04E022E7F2EBE00C067A7 /* Frameworks */ = {
			isa = PBXFrameworksBuildPhase;
			buildActionMask = 2147483647;
			files = (
			);
			runOnlyForDeploymentPostprocessing = 0;
		};
		5CE04E0C2E7F2EBE00C067A7 /* Frameworks */ = {
			isa = PBXFrameworksBuildPhase;
			buildActionMask = 2147483647;
			files = (
			);
			runOnlyForDeploymentPostprocessing = 0;
		};
/* End PBXFrameworksBuildPhase section */

/* Begin PBXGroup section */
		5CE04DEE2E7F2EBD00C067A7 = {
			isa = PBXGroup;
			children = (
				5CE04DF92E7F2EBD00C067A7 /* SteelhacksXIIProject */,
				5CE04E082E7F2EBE00C067A7 /* SteelhacksXIIProjectTests */,
				5CE04E122E7F2EBE00C067A7 /* SteelhacksXIIProjectUITests */,
				5CE04DF82E7F2EBD00C067A7 /* Products */,
			);
			sourceTree = "<group>";
		};
		5CE04DF82E7F2EBD00C067A7 /* Products */ = {
			isa = PBXGroup;
			children = (
				5CE04DF72E7F2EBD00C067A7 /* SteelhacksXIIProject.app */,
				5CE04E052E7F2EBE00C067A7 /* SteelhacksXIIProjectTests.xctest */,
				5CE04E0F2E7F2EBE00C067A7 /* SteelhacksXIIProjectUITests.xctest */,
			);
			name = Products;
			sourceTree = "<group>";
		};
/* End PBXGroup section */

/* Begin PBXNativeTarget section */
		5CE04DF62E7F2EBD00C067A7 /* SteelhacksXIIProject */ = {
			isa = PBXNativeTarget;
			buildConfigurationList = 5CE04E192E7F2EBE00C067A7 /* Build configuration list for PBXNativeTarget "SteelhacksXIIProject" */;
			buildPhases = (
				5CE04DF32E7F2EBD00C067A7 /* Sources */,
				5CE04DF42E7F2EBD00C067A7 /* Frameworks */,
				5CE04DF52E7F2EBD00C067A7 /* Resources */,
			);
			buildRules = (
			);
			dependencies = (
			);
			fileSystemSynchronizedGroups = (
				5CE04DF92E7F2EBD00C067A7 /* SteelhacksXIIProject */,
			);
			name = SteelhacksXIIProject;
			packageProductDependencies = (
			);
			productName = SteelhacksXIIProject;
			productReference = 5CE04DF72E7F2EBD00C067A7 /* SteelhacksXIIProject.app */;
			productType = "com.apple.product-type.application";
		};
		5CE04E042E7F2EBE00C067A7 /* SteelhacksXIIProjectTests */ = {
			isa = PBXNativeTarget;
			buildConfigurationList = 5CE04E1C2E7F2EBE00C067A7 /* Build configuration list for PBXNativeTarget "SteelhacksXIIProjectTests" */;
			buildPhases = (
				5CE04E012E7F2EBE00C067A7 /* Sources */,
				5CE04E022E7F2EBE00C067A7 /* Frameworks */,
				5CE04E032E7F2EBE00C067A7 /* Resources */,
			);
			buildRules = (
			);
			dependencies = (
				5CE04E072E7F2EBE00C067A7 /* PBXTargetDependency */,
			);
			fileSystemSynchronizedGroups = (
				5CE04E082E7F2EBE00C067A7 /* SteelhacksXIIProjectTests */,
			);
			name = SteelhacksXIIProjectTests;
			packageProductDependencies = (
			);
			productName = SteelhacksXIIProjectTests;
			productReference = 5CE04E052E7F2EBE00C067A7 /* SteelhacksXIIProjectTests.xctest */;
			productType = "com.apple.product-type.bundle.unit-test";
		};
		5CE04E0E2E7F2EBE00C067A7 /* SteelhacksXIIProjectUITests */ = {
			isa = PBXNativeTarget;
			buildConfigurationList = 5CE04E1F2E7F2EBE00C067A7 /* Build configuration list for PBXNativeTarget "SteelhacksXIIProjectUITests" */;
			buildPhases = (
				5CE04E0B2E7F2EBE00C067A7 /* Sources */,
				5CE04E0C2E7F2EBE00C067A7 /* Frameworks */,
				5CE04E0D2E7F2EBE00C067A7 /* Resources */,
			);
			buildRules = (
			);
			dependencies = (
				5CE04E112E7F2EBE00C067A7 /* PBXTargetDependency */,
			);
			fileSystemSynchronizedGroups = (
				5CE04E122E7F2EBE00C067A7 /* SteelhacksXIIProjectUITests */,
			);
			name = SteelhacksXIIProjectUITests;
			packageProductDependencies = (
			);
			productName = SteelhacksXIIProjectUITests;
			productReference = 5CE04E0F2E7F2EBE00C067A7 /* SteelhacksXIIProjectUITests.xctest */;
			productType = "com.apple.product-type.bundle.ui-testing";
		};
/* End PBXNativeTarget section */

/* Begin PBXProject section */
		5CE04DEF2E7F2EBD00C067A7 /* Project object */ = {
			isa = PBXProject;
			attributes = {
				BuildIndependentTargetsInParallel = 1;
				LastSwiftUpdateCheck = 1640;
				LastUpgradeCheck = 1640;
				TargetAttributes = {
					5CE04DF62E7F2EBD00C067A7 = {
						CreatedOnToolsVersion = 16.4;
					};
					5CE04E042E7F2EBE00C067A7 = {
						CreatedOnToolsVersion = 16.4;
						TestTargetID = 5CE04DF62E7F2EBD00C067A7;
					};
					5CE04E0E2E7F2EBE00C067A7 = {
						CreatedOnToolsVersion = 16.4;
						TestTargetID = 5CE04DF62E7F2EBD00C067A7;
					};
				};
			};
			buildConfigurationList = 5CE04DF22E7F2EBD00C067A7 /* Build configuration list for PBXProject "SteelhacksXIIProject" */;
			developmentRegion = en;
			hasScannedForEncodings = 0;
			knownRegions = (
				en,
				Base,
			);
			mainGroup = 5CE04DEE2E7F2EBD00C067A7;
			minimizedProjectReferenceProxies = 1;
			preferredProjectObjectVersion = 77;
			productRefGroup = 5CE04DF82E7F2EBD00C067A7 /* Products */;
			projectDirPath = "";
			projectRoot = "";
			targets = (
				5CE04DF62E7F2EBD00C067A7 /* SteelhacksXIIProject */,
				5CE04E042E7F2EBE00C067A7 /* SteelhacksXIIProjectTests */,
				5CE04E0E2E7F2EBE00C067A7 /* SteelhacksXIIProjectUITests */,
			);
		};
/* End PBXProject section */

/* Begin PBXResourcesBuildPhase section */
		5CE04DF52E7F2EBD00C067A7 /* Resources */ = {
			isa = PBXResourcesBuildPhase;
			buildActionMask = 2147483647;
			files = (
			);
			runOnlyForDeploymentPostprocessing = 0;
		};
		5CE04E032E7F2EBE00C067A7 /* Resources */ = {
			isa = PBXResourcesBuildPhase;
			buildActionMask = 2147483647;
			files = (
			);
			runOnlyForDeploymentPostprocessing = 0;
		};
		5CE04E0D2E7F2EBE00C067A7 /* Resources */ = {
			isa = PBXResourcesBuildPhase;
			buildActionMask = 2147483647;
			files = (
			);
			runOnlyForDeploymentPostprocessing = 0;
		};
/* End PBXResourcesBuildPhase section */

/* Begin PBXSourcesBuildPhase section */
		5CE04DF32E7F2EBD00C067A7 /* Sources */ = {
			isa = PBXSourcesBuildPhase;
			buildActionMask = 2147483647;
			files = (
			);
			runOnlyForDeploymentPostprocessing = 0;
		};
		5CE04E012E7F2EBE00C067A7 /* Sources */ = {
			isa = PBXSourcesBuildPhase;
			buildActionMask = 2147483647;
			files = (
			);
			runOnlyForDeploymentPostprocessing = 0;
		};
		5CE04E0B2E7F2EBE00C067A7 /* Sources */ = {
			isa = PBXSourcesBuildPhase;
			buildActionMask = 2147483647;
			files = (
			);
			runOnlyForDeploymentPostprocessing = 0;
		};
/* End PBXSourcesBuildPhase section */

/* Begin PBXTargetDependency section */
		5CE04E072E7F2EBE00C067A7 /* PBXTargetDependency */ = {
			isa = PBXTargetDependency;
			target = 5CE04DF62E7F2EBD00C067A7 /* SteelhacksXIIProject */;
			targetProxy = 5CE04E062E7F2EBE00C067A7 /* PBXContainerItemProxy */;
		};
		5CE04E112E7F2EBE00C067A7 /* PBXTargetDependency */ = {
			isa = PBXTargetDependency;
			target = 5CE04DF62E7F2EBD00C067A7 /* SteelhacksXIIProject */;
			targetProxy = 5CE04E102E7F2EBE00C067A7 /* PBXContainerItemProxy */;
		};
/* End PBXTargetDependency section */

/* Begin XCBuildConfiguration section */
		5CE04E172E7F2EBE00C067A7 /* Debug */ = {
			isa = XCBuildConfiguration;
			buildSettings = {
				ALWAYS_SEARCH_USER_PATHS = NO;
				ASSETCATALOG_COMPILER_GENERATE_SWIFT_ASSET_SYMBOL_EXTENSIONS = YES;
				CLANG_ANALYZER_NONNULL = YES;
				CLANG_ANALYZER_NUMBER_OBJECT_CONVERSION = YES_AGGRESSIVE;
				CLANG_CXX_LANGUAGE_STANDARD = "gnu++20";
				CLANG_ENABLE_MODULES = YES;
				CLANG_ENABLE_OBJC_ARC = YES;
				CLANG_ENABLE_OBJC_WEAK = YES;
				CLANG_WARN_BLOCK_CAPTURE_AUTORELEASING = YES;
				CLANG_WARN_BOOL_CONVERSION = YES;
				CLANG_WARN_COMMA = YES;
				CLANG_WARN_CONSTANT_CONVERSION = YES;
				CLANG_WARN_DEPRECATED_OBJC_IMPLEMENTATIONS = YES;
				CLANG_WARN_DIRECT_OBJC_ISA_USAGE = YES_ERROR;
				CLANG_WARN_DOCUMENTATION_COMMENTS = YES;
				CLANG_WARN_EMPTY_BODY = YES;
				CLANG_WARN_ENUM_CONVERSION = YES;
				CLANG_WARN_INFINITE_RECURSION = YES;
				CLANG_WARN_INT_CONVERSION = YES;
				CLANG_WARN_NON_LITERAL_NULL_CONVERSION = YES;
				CLANG_WARN_OBJC_IMPLICIT_RETAIN_SELF = YES;
				CLANG_WARN_OBJC_LITERAL_CONVERSION = YES;
				CLANG_WARN_OBJC_ROOT_CLASS = YES_ERROR;
				CLANG_WARN_QUOTED_INCLUDE_IN_FRAMEWORK_HEADER = YES;
				CLANG_WARN_RANGE_LOOP_ANALYSIS = YES;
				CLANG_WARN_STRICT_PROTOTYPES = YES;
				CLANG_WARN_SUSPICIOUS_MOVE = YES;
				CLANG_WARN_UNGUARDED_AVAILABILITY = YES_AGGRESSIVE;
				CLANG_WARN_UNREACHABLE_CODE = YES;
				CLANG_WARN__DUPLICATE_METHOD_MATCH = YES;
				COPY_PHASE_STRIP = NO;
				DEBUG_INFORMATION_FORMAT = dwarf;
				ENABLE_STRICT_OBJC_MSGSEND = YES;
				ENABLE_TESTABILITY = YES;
				ENABLE_USER_SCRIPT_SANDBOXING = YES;
				GCC_C_LANGUAGE_STANDARD = gnu17;
				GCC_DYNAMIC_NO_PIC = NO;
				GCC_NO_COMMON_BLOCKS = YES;
				GCC_OPTIMIZATION_LEVEL = 0;
				GCC_PREPROCESSOR_DEFINITIONS = (
					"DEBUG=1",
					"$(inherited)",
				);
				GCC_WARN_64_TO_32_BIT_CONVERSION = YES;
				GCC_WARN_ABOUT_RETURN_TYPE = YES_ERROR;
				GCC_WARN_UNDECLARED_SELECTOR = YES;
				GCC_WARN_UNINITIALIZED_AUTOS = YES_AGGRESSIVE;
				GCC_WARN_UNUSED_FUNCTION = YES;
				GCC_WARN_UNUSED_VARIABLE = YES;
				LOCALIZATION_PREFERS_STRING_CATALOGS = YES;
				MTL_ENABLE_DEBUG_INFO = INCLUDE_SOURCE;
				MTL_FAST_MATH = YES;
				ONLY_ACTIVE_ARCH = YES;
				SWIFT_ACTIVE_COMPILATION_CONDITIONS = "DEBUG $(inherited)";
				SWIFT_OPTIMIZATION_LEVEL = "-Onone";
			};
			name = Debug;
		};
		5CE04E182E7F2EBE00C067A7 /* Release */ = {
			isa = XCBuildConfiguration;
			buildSettings = {
				ALWAYS_SEARCH_USER_PATHS = NO;
				ASSETCATALOG_COMPILER_GENERATE_SWIFT_ASSET_SYMBOL_EXTENSIONS = YES;
				CLANG_ANALYZER_NONNULL = YES;
				CLANG_ANALYZER_NUMBER_OBJECT_CONVERSION = YES_AGGRESSIVE;
				CLANG_CXX_LANGUAGE_STANDARD = "gnu++20";
				CLANG_ENABLE_MODULES = YES;
				CLANG_ENABLE_OBJC_ARC = YES;
				CLANG_ENABLE_OBJC_WEAK = YES;
				CLANG_WARN_BLOCK_CAPTURE_AUTORELEASING = YES;
				CLANG_WARN_BOOL_CONVERSION = YES;
				CLANG_WARN_COMMA = YES;
				CLANG_WARN_CONSTANT_CONVERSION = YES;
				CLANG_WARN_DEPRECATED_OBJC_IMPLEMENTATIONS = YES;
				CLANG_WARN_DIRECT_OBJC_ISA_USAGE = YES_ERROR;
				CLANG_WARN_DOCUMENTATION_COMMENTS = YES;
				CLANG_WARN_EMPTY_BODY = YES;
				CLANG_WARN_ENUM_CONVERSION = YES;
				CLANG_WARN_INFINITE_RECURSION = YES;
				CLANG_WARN_INT_CONVERSION = YES;
				CLANG_WARN_NON_LITERAL_NULL_CONVERSION = YES;
				CLANG_WARN_OBJC_IMPLICIT_RETAIN_SELF = YES;
				CLANG_WARN_OBJC_LITERAL_CONVERSION = YES;
				CLANG_WARN_OBJC_ROOT_CLASS = YES_ERROR;
				CLANG_WARN_QUOTED_INCLUDE_IN_FRAMEWORK_HEADER = YES;
				CLANG_WARN_RANGE_LOOP_ANALYSIS = YES;
				CLANG_WARN_STRICT_PROTOTYPES = YES;
				CLANG_WARN_SUSPICIOUS_MOVE = YES;
				CLANG_WARN_UNGUARDED_AVAILABILITY = YES_AGGRESSIVE;
				CLANG_WARN_UNREACHABLE_CODE = YES;
				CLANG_WARN__DUPLICATE_METHOD_MATCH = YES;
				COPY_PHASE_STRIP = NO;
				DEBUG_INFORMATION_FORMAT = "dwarf-with-dsym";
				ENABLE_NS_ASSERTIONS = NO;
				ENABLE_STRICT_OBJC_MSGSEND = YES;
				ENABLE_USER_SCRIPT_SANDBOXING = YES;
				GCC_C_LANGUAGE_STANDARD = gnu17;
				GCC_NO_COMMON_BLOCKS = YES;
				GCC_WARN_64_TO_32_BIT_CONVERSION = YES;
				GCC_WARN_ABOUT_RETURN_TYPE = YES_ERROR;
				GCC_WARN_UNDECLARED_SELECTOR = YES;
				GCC_WARN_UNINITIALIZED_AUTOS = YES_AGGRESSIVE;
				GCC_WARN_UNUSED_FUNCTION = YES;
				GCC_WARN_UNUSED_VARIABLE = YES;
				LOCALIZATION_PREFERS_STRING_CATALOGS = YES;
				MTL_ENABLE_DEBUG_INFO = NO;
				MTL_FAST_MATH = YES;
				SWIFT_COMPILATION_MODE = wholemodule;
			};
			name = Release;
		};
		5CE04E1A2E7F2EBE00C067A7 /* Debug */ = {
			isa = XCBuildConfiguration;
			buildSettings = {
				ASSETCATALOG_COMPILER_APPICON_NAME = AppIcon;
				ASSETCATALOG_COMPILER_GLOBAL_ACCENT_COLOR_NAME = AccentColor;
				CODE_SIGN_ENTITLEMENTS = SteelhacksXIIProject/SteelhacksXIIProject.entitlements;
				CODE_SIGN_STYLE = Automatic;
				CURRENT_PROJECT_VERSION = 1;
				ENABLE_PREVIEWS = YES;
				GENERATE_INFOPLIST_FILE = YES;
				"INFOPLIST_KEY_UIApplicationSceneManifest_Generation[sdk=iphoneos*]" = YES;
				"INFOPLIST_KEY_UIApplicationSceneManifest_Generation[sdk=iphonesimulator*]" = YES;
				"INFOPLIST_KEY_UIApplicationSupportsIndirectInputEvents[sdk=iphoneos*]" = YES;
				"INFOPLIST_KEY_UIApplicationSupportsIndirectInputEvents[sdk=iphonesimulator*]" = YES;
				"INFOPLIST_KEY_UILaunchScreen_Generation[sdk=iphoneos*]" = YES;
				"INFOPLIST_KEY_UILaunchScreen_Generation[sdk=iphonesimulator*]" = YES;
				"INFOPLIST_KEY_UIStatusBarStyle[sdk=iphoneos*]" = UIStatusBarStyleDefault;
				"INFOPLIST_KEY_UIStatusBarStyle[sdk=iphonesimulator*]" = UIStatusBarStyleDefault;
				INFOPLIST_KEY_UISupportedInterfaceOrientations_iPad = "UIInterfaceOrientationPortrait UIInterfaceOrientationPortraitUpsideDown UIInterfaceOrientationLandscapeLeft UIInterfaceOrientationLandscapeRight";
				INFOPLIST_KEY_UISupportedInterfaceOrientations_iPhone = "UIInterfaceOrientationPortrait UIInterfaceOrientationLandscapeLeft UIInterfaceOrientationLandscapeRight";
				IPHONEOS_DEPLOYMENT_TARGET = 18.5;
				LD_RUNPATH_SEARCH_PATHS = "@executable_path/Frameworks";
				"LD_RUNPATH_SEARCH_PATHS[sdk=macosx*]" = "@executable_path/../Frameworks";
				MACOSX_DEPLOYMENT_TARGET = 15.5;
				MARKETING_VERSION = 1.0;
				PRODUCT_BUNDLE_IDENTIFIER = BenKevinCharlie.SteelhacksXIIProject;
				PRODUCT_NAME = "$(TARGET_NAME)";
				REGISTER_APP_GROUPS = YES;
				SDKROOT = auto;
				SUPPORTED_PLATFORMS = "iphoneos iphonesimulator macosx xros xrsimulator";
				SWIFT_EMIT_LOC_STRINGS = YES;
				SWIFT_VERSION = 5.0;
				TARGETED_DEVICE_FAMILY = "1,2,7";
				XROS_DEPLOYMENT_TARGET = 2.5;
			};
			name = Debug;
		};
		5CE04E1B2E7F2EBE00C067A7 /* Release */ = {
			isa = XCBuildConfiguration;
			buildSettings = {
				ASSETCATALOG_COMPILER_APPICON_NAME = AppIcon;
				ASSETCATALOG_COMPILER_GLOBAL_ACCENT_COLOR_NAME = AccentColor;
				CODE_SIGN_ENTITLEMENTS = SteelhacksXIIProject/SteelhacksXIIProject.entitlements;
				CODE_SIGN_STYLE = Automatic;
				CURRENT_PROJECT_VERSION = 1;
				ENABLE_PREVIEWS = YES;
				GENERATE_INFOPLIST_FILE = YES;
				"INFOPLIST_KEY_UIApplicationSceneManifest_Generation[sdk=iphoneos*]" = YES;
				"INFOPLIST_KEY_UIApplicationSceneManifest_Generation[sdk=iphonesimulator*]" = YES;
				"INFOPLIST_KEY_UIApplicationSupportsIndirectInputEvents[sdk=iphoneos*]" = YES;
				"INFOPLIST_KEY_UIApplicationSupportsIndirectInputEvents[sdk=iphonesimulator*]" = YES;
				"INFOPLIST_KEY_UILaunchScreen_Generation[sdk=iphoneos*]" = YES;
				"INFOPLIST_KEY_UILaunchScreen_Generation[sdk=iphonesimulator*]" = YES;
				"INFOPLIST_KEY_UIStatusBarStyle[sdk=iphoneos*]" = UIStatusBarStyleDefault;
				"INFOPLIST_KEY_UIStatusBarStyle[sdk=iphonesimulator*]" = UIStatusBarStyleDefault;
				INFOPLIST_KEY_UISupportedInterfaceOrientations_iPad = "UIInterfaceOrientationPortrait UIInterfaceOrientationPortraitUpsideDown UIInterfaceOrientationLandscapeLeft UIInterfaceOrientationLandscapeRight";
				INFOPLIST_KEY_UISupportedInterfaceOrientations_iPhone = "UIInterfaceOrientationPortrait UIInterfaceOrientationLandscapeLeft UIInterfaceOrientationLandscapeRight";
				IPHONEOS_DEPLOYMENT_TARGET = 18.5;
				LD_RUNPATH_SEARCH_PATHS = "@executable_path/Frameworks";
				"LD_RUNPATH_SEARCH_PATHS[sdk=macosx*]" = "@executable_path/../Frameworks";
				MACOSX_DEPLOYMENT_TARGET = 15.5;
				MARKETING_VERSION = 1.0;
				PRODUCT_BUNDLE_IDENTIFIER = BenKevinCharlie.SteelhacksXIIProject;
				PRODUCT_NAME = "$(TARGET_NAME)";
				REGISTER_APP_GROUPS = YES;
				SDKROOT = auto;
				SUPPORTED_PLATFORMS = "iphoneos iphonesimulator macosx xros xrsimulator";
				SWIFT_EMIT_LOC_STRINGS = YES;
				SWIFT_VERSION = 5.0;
				TARGETED_DEVICE_FAMILY = "1,2,7";
				XROS_DEPLOYMENT_TARGET = 2.5;
			};
			name = Release;
		};
		5CE04E1D2E7F2EBE00C067A7 /* Debug */ = {
			isa = XCBuildConfiguration;
			buildSettings = {
				BUNDLE_LOADER = "$(TEST_HOST)";
				CODE_SIGN_STYLE = Automatic;
				CURRENT_PROJECT_VERSION = 1;
				GENERATE_INFOPLIST_FILE = YES;
				IPHONEOS_DEPLOYMENT_TARGET = 18.5;
				MACOSX_DEPLOYMENT_TARGET = 15.5;
				MARKETING_VERSION = 1.0;
				PRODUCT_BUNDLE_IDENTIFIER = BenKevinCharlie.SteelhacksXIIProjectTests;
				PRODUCT_NAME = "$(TARGET_NAME)";
				SDKROOT = auto;
				SUPPORTED_PLATFORMS = "iphoneos iphonesimulator macosx xros xrsimulator";
				SWIFT_EMIT_LOC_STRINGS = NO;
				SWIFT_VERSION = 5.0;
				TARGETED_DEVICE_FAMILY = "1,2,7";
				TEST_HOST = "$(BUILT_PRODUCTS_DIR)/SteelhacksXIIProject.app/$(BUNDLE_EXECUTABLE_FOLDER_PATH)/SteelhacksXIIProject";
				XROS_DEPLOYMENT_TARGET = 2.5;
			};
			name = Debug;
		};
		5CE04E1E2E7F2EBE00C067A7 /* Release */ = {
			isa = XCBuildConfiguration;
			buildSettings = {
				BUNDLE_LOADER = "$(TEST_HOST)";
				CODE_SIGN_STYLE = Automatic;
				CURRENT_PROJECT_VERSION = 1;
				GENERATE_INFOPLIST_FILE = YES;
				IPHONEOS_DEPLOYMENT_TARGET = 18.5;
				MACOSX_DEPLOYMENT_TARGET = 15.5;
				MARKETING_VERSION = 1.0;
				PRODUCT_BUNDLE_IDENTIFIER = BenKevinCharlie.SteelhacksXIIProjectTests;
				PRODUCT_NAME = "$(TARGET_NAME)";
				SDKROOT = auto;
				SUPPORTED_PLATFORMS = "iphoneos iphonesimulator macosx xros xrsimulator";
				SWIFT_EMIT_LOC_STRINGS = NO;
				SWIFT_VERSION = 5.0;
				TARGETED_DEVICE_FAMILY = "1,2,7";
				TEST_HOST = "$(BUILT_PRODUCTS_DIR)/SteelhacksXIIProject.app/$(BUNDLE_EXECUTABLE_FOLDER_PATH)/SteelhacksXIIProject";
				XROS_DEPLOYMENT_TARGET = 2.5;
			};
			name = Release;
		};
		5CE04E202E7F2EBE00C067A7 /* Debug */ = {
			isa = XCBuildConfiguration;
			buildSettings = {
				CODE_SIGN_STYLE = Automatic;
				CURRENT_PROJECT_VERSION = 1;
				GENERATE_INFOPLIST_FILE = YES;
				IPHONEOS_DEPLOYMENT_TARGET = 18.5;
				MACOSX_DEPLOYMENT_TARGET = 15.5;
				MARKETING_VERSION = 1.0;
				PRODUCT_BUNDLE_IDENTIFIER = BenKevinCharlie.SteelhacksXIIProjectUITests;
				PRODUCT_NAME = "$(TARGET_NAME)";
				SDKROOT = auto;
				SUPPORTED_PLATFORMS = "iphoneos iphonesimulator macosx xros xrsimulator";
				SWIFT_EMIT_LOC_STRINGS = NO;
				SWIFT_VERSION = 5.0;
				TARGETED_DEVICE_FAMILY = "1,2,7";
				TEST_TARGET_NAME = SteelhacksXIIProject;
				XROS_DEPLOYMENT_TARGET = 2.5;
			};
			name = Debug;
		};
		5CE04E212E7F2EBE00C067A7 /* Release */ = {
			isa = XCBuildConfiguration;
			buildSettings = {
				CODE_SIGN_STYLE = Automatic;
				CURRENT_PROJECT_VERSION = 1;
				GENERATE_INFOPLIST_FILE = YES;
				IPHONEOS_DEPLOYMENT_TARGET = 18.5;
				MACOSX_DEPLOYMENT_TARGET = 15.5;
				MARKETING_VERSION = 1.0;
				PRODUCT_BUNDLE_IDENTIFIER = BenKevinCharlie.SteelhacksXIIProjectUITests;
				PRODUCT_NAME = "$(TARGET_NAME)";
				SDKROOT = auto;
				SUPPORTED_PLATFORMS = "iphoneos iphonesimulator macosx xros xrsimulator";
				SWIFT_EMIT_LOC_STRINGS = NO;
				SWIFT_VERSION = 5.0;
				TARGETED_DEVICE_FAMILY = "1,2,7";
				TEST_TARGET_NAME = SteelhacksXIIProject;
				XROS_DEPLOYMENT_TARGET = 2.5;
			};
			name = Release;
		};
/* End XCBuildConfiguration section */

/* Begin XCConfigurationList section */
		5CE04DF22E7F2EBD00C067A7 /* Build configuration list for PBXProject "SteelhacksXIIProject" */ = {
			isa = XCConfigurationList;
			buildConfigurations = (
				5CE04E172E7F2EBE00C067A7 /* Debug */,
				5CE04E182E7F2EBE00C067A7 /* Release */,
			);
			defaultConfigurationIsVisible = 0;
			defaultConfigurationName = Release;
		};
		5CE04E192E7F2EBE00C067A7 /* Build configuration list for PBXNativeTarget "SteelhacksXIIProject" */ = {
			isa = XCConfigurationList;
			buildConfigurations = (
				5CE04E1A2E7F2EBE00C067A7 /* Debug */,
				5CE04E1B2E7F2EBE00C067A7 /* Release */,
			);
			defaultConfigurationIsVisible = 0;
			defaultConfigurationName = Release;
		};
		5CE04E1C2E7F2EBE00C067A7 /* Build configuration list for PBXNativeTarget "SteelhacksXIIProjectTests" */ = {
			isa = XCConfigurationList;
			buildConfigurations = (
				5CE04E1D2E7F2EBE00C067A7 /* Debug */,
				5CE04E1E2E7F2EBE00C067A7 /* Release */,
			);
			defaultConfigurationIsVisible = 0;
			defaultConfigurationName = Release;
		};
		5CE04E1F2E7F2EBE00C067A7 /* Build configuration list for PBXNativeTarget "SteelhacksXIIProjectUITests" */ = {
			isa = XCConfigurationList;
			buildConfigurations = (
				5CE04E202E7F2EBE00C067A7 /* Debug */,
				5CE04E212E7F2EBE00C067A7 /* Release */,
			);
			defaultConfigurationIsVisible = 0;
			defaultConfigurationName = Release;
		};
/* End XCConfigurationList section */
	};
	rootObject = 5CE04DEF2E7F2EBD00C067A7 /* Project object */;
}
